
Microsoft Visual Studio Solution File, Format Version 12.00
# Visual Studio Version 17
VisualStudioVersion = 17.3.32825.248
MinimumVisualStudioVersion = 10.0.40219.1
Project("{FAE04EC0-301F-11D3-BF4B-00C04F79EFBC}") = "GoToWork", "GoToWork\GoToWork.csproj", "{A9AA50A4-06C0-4344-BA47-F3EAC574F7CD}"
EndProject
Global
	GlobalSection(SolutionConfigurationPlatforms) = preSolution
		Debug|Any CPU = Debug|Any CPU
		Release|Any CPU = Release|Any CPU
	EndGlobalSection
	GlobalSection(ProjectConfigurationPlatforms) = postSolution
		{A9AA50A4-06C0-4344-BA47-F3EAC574F7CD}.Debug|Any CPU.ActiveCfg = Debug|Any CPU
		{A9AA50A4-06C0-4344-BA47-F3EAC574F7CD}.Debug|Any CPU.Build.0 = Debug|Any CPU
		{A9AA50A4-06C0-4344-BA47-F3EAC574F7CD}.Release|Any CPU.ActiveCfg = Release|Any CPU
		{A9AA50A4-06C0-4344-BA47-F3EAC574F7CD}.Release|Any CPU.Build.0 = Release|Any CPU
	EndGlobalSection
	GlobalSection(SolutionProperties) = preSolution
		HideSolutionNode = FALSE
	EndGlobalSection
	GlobalSection(ExtensibilityGlobals) = postSolution
		SolutionGuid = {2248370E-5EF5-44EE-82A3-492C1E0D6501}
	EndGlobalSection
EndGlobal
